
Microsoft Visual Studio Solution File, Format Version 12.00
# Visual Studio Version 17
VisualStudioVersion = 17.9.34728.123
MinimumVisualStudioVersion = 10.0.40219.1
Project("{FAE04EC0-301F-11D3-BF4B-00C04F79EFBC}") = "QuickRectifyMaui2", "QuickRectifyMaui2.csproj", "{8F781BBD-3DD6-4E2A-AC78-7DDB2AB011CF}"
EndProject
Global
	GlobalSection(SolutionConfigurationPlatforms) = preSolution
		Debug|Any CPU = Debug|Any CPU
		Release|Any CPU = Release|Any CPU
	EndGlobalSection
	GlobalSection(ProjectConfigurationPlatforms) = postSolution
		{8F781BBD-3DD6-4E2A-AC78-7DDB2AB011CF}.Debug|Any CPU.ActiveCfg = Debug|Any CPU
		{8F781BBD-3DD6-4E2A-AC78-7DDB2AB011CF}.Debug|Any CPU.Build.0 = Debug|Any CPU
		{8F781BBD-3DD6-4E2A-AC78-7DDB2AB011CF}.Debug|Any CPU.Deploy.0 = Debug|Any CPU
		{8F781BBD-3DD6-4E2A-AC78-7DDB2AB011CF}.Release|Any CPU.ActiveCfg = Release|Any CPU
		{8F781BBD-3DD6-4E2A-AC78-7DDB2AB011CF}.Release|Any CPU.Build.0 = Release|Any CPU
		{8F781BBD-3DD6-4E2A-AC78-7DDB2AB011CF}.Release|Any CPU.Deploy.0 = Release|Any CPU
	EndGlobalSection
	GlobalSection(SolutionProperties) = preSolution
		HideSolutionNode = FALSE
	EndGlobalSection
	GlobalSection(ExtensibilityGlobals) = postSolution
		SolutionGuid = {843CE7F9-CD09-48E1-B3AE-B0E25554A0D6}
	EndGlobalSection
EndGlobal
